
Microsoft Visual Studio Solution File, Format Version 12.00
# Visual Studio 15
Project("{FAE04EC0-301F-11D3-BF4B-00C04F79EFBC}") = "Assembly-CSharp", "Assembly-CSharp.csproj", "{0C57476C-BEA0-7CD7-9F27-082E375EA9B2}"
EndProject
Project("{FAE04EC0-301F-11D3-BF4B-00C04F79EFBC}") = "Assembly-CSharp-Editor", "Assembly-CSharp-Editor.csproj", "{296B10D8-5002-77EB-BE68-E7CB0A5BCEB8}"
EndProject
Global
	GlobalSection(SolutionConfigurationPlatforms) = preSolution
		Debug|Any CPU = Debug|Any CPU
		Release|Any CPU = Release|Any CPU
	EndGlobalSection
	GlobalSection(ProjectConfigurationPlatforms) = postSolution
		{0C57476C-BEA0-7CD7-9F27-082E375EA9B2}.Debug|Any CPU.ActiveCfg = Debug|Any CPU
		{0C57476C-BEA0-7CD7-9F27-082E375EA9B2}.Debug|Any CPU.Build.0 = Debug|Any CPU
		{0C57476C-BEA0-7CD7-9F27-082E375EA9B2}.Release|Any CPU.ActiveCfg = Release|Any CPU
		{0C57476C-BEA0-7CD7-9F27-082E375EA9B2}.Release|Any CPU.Build.0 = Release|Any CPU
		{296B10D8-5002-77EB-BE68-E7CB0A5BCEB8}.Debug|Any CPU.ActiveCfg = Debug|Any CPU
		{296B10D8-5002-77EB-BE68-E7CB0A5BCEB8}.Debug|Any CPU.Build.0 = Debug|Any CPU
		{296B10D8-5002-77EB-BE68-E7CB0A5BCEB8}.Release|Any CPU.ActiveCfg = Release|Any CPU
		{296B10D8-5002-77EB-BE68-E7CB0A5BCEB8}.Release|Any CPU.Build.0 = Release|Any CPU
	EndGlobalSection
	GlobalSection(SolutionProperties) = preSolution
		HideSolutionNode = FALSE
	EndGlobalSection
EndGlobal
